# This file is automatically @generated by Cargo.
# It is not intended for manual editing.
version = 3

[[package]]
name = "rubiks_cube"
version = "0.1.0"
dependencies = [
 "strum",
]

[[package]]
name = "strum"
version = "0.26.1"
source = "registry+https://github.com/rust-lang/crates.io-index"
checksum = "723b93e8addf9aa965ebe2d11da6d7540fa2283fcea14b3371ff055f7ba13f5f"
